
Microsoft Visual Studio Solution File, Format Version 12.00
# Visual Studio Version 17
VisualStudioVersion = 17.7.34221.43
MinimumVisualStudioVersion = 10.0.40219.1
Project("{8BC9CEB8-8B4A-11D0-8D11-00A0C91BC942}") = "zad01", "zad1.vcxproj", "{33AEEAA4-1780-4EBC-9E00-713AEC2A06EA}"
EndProject
Project("{8BC9CEB8-8B4A-11D0-8D11-00A0C91BC942}") = "MatNum", "..\MatNum\MatNum.vcxproj", "{73B9E472-63A4-46D8-A619-0B2A81EBDFF0}"
EndProject
Project("{8BC9CEB8-8B4A-11D0-8D11-00A0C91BC942}") = "zad02", "..\zad2\zad2.vcxproj", "{E4F886AC-F6A7-4EDF-9866-FC7E1AF21F0B}"
EndProject
Project("{8BC9CEB8-8B4A-11D0-8D11-00A0C91BC942}") = "zad03", "..\zad3\zad3.vcxproj", "{592B48AD-73E6-4968-B075-75FF1C007EA0}"
EndProject
Project("{8BC9CEB8-8B4A-11D0-8D11-00A0C91BC942}") = "zad04", "..\zad4\zad4.vcxproj", "{15E430D8-9CA2-4529-B51D-2DF9B78CD281}"
EndProject
Project("{8BC9CEB8-8B4A-11D0-8D11-00A0C91BC942}") = "zad05", "..\zad5\zad5.vcxproj", "{D0B9EB52-9EF7-4311-9BE5-E34F940736AB}"
EndProject
Project("{8BC9CEB8-8B4A-11D0-8D11-00A0C91BC942}") = "zad06", "..\zad6\zad6.vcxproj", "{CDBAF1DF-0061-4BEA-BE49-1EFC2A2FDDB6}"
EndProject
Project("{8BC9CEB8-8B4A-11D0-8D11-00A0C91BC942}") = "zad07", "..\zad7\zad7.vcxproj", "{00F334E6-6C88-4318-B319-92F539832DCB}"
EndProject
Project("{8BC9CEB8-8B4A-11D0-8D11-00A0C91BC942}") = "zad08", "..\zad8\zad8.vcxproj", "{85B68E04-C431-45CC-8E38-614BB25A6BDC}"
EndProject
Project("{8BC9CEB8-8B4A-11D0-8D11-00A0C91BC942}") = "zad09", "..\zad9\zad9.vcxproj", "{06B2EEFB-D51F-4DD4-878E-4D6940AB7A33}"
EndProject
Project("{8BC9CEB8-8B4A-11D0-8D11-00A0C91BC942}") = "zad10", "..\zad10\zad10.vcxproj", "{D5F9FD5D-B16B-45E5-83BE-309F52138AEF}"
EndProject
Project("{8BC9CEB8-8B4A-11D0-8D11-00A0C91BC942}") = "zad11", "..\zad11\zad11.vcxproj", "{17F1A233-055D-423E-813F-0DA57EC9F055}"
EndProject
Project("{8BC9CEB8-8B4A-11D0-8D11-00A0C91BC942}") = "zad12", "..\zad12\zad12.vcxproj", "{9DC9B747-EF5F-4C37-9A05-6BF8214EB05C}"
EndProject
Global
	GlobalSection(SolutionConfigurationPlatforms) = preSolution
		Debug|x64 = Debug|x64
		Debug|x86 = Debug|x86
		Release|x64 = Release|x64
		Release|x86 = Release|x86
	EndGlobalSection
	GlobalSection(ProjectConfigurationPlatforms) = postSolution
		{33AEEAA4-1780-4EBC-9E00-713AEC2A06EA}.Debug|x64.ActiveCfg = Debug|x64
		{33AEEAA4-1780-4EBC-9E00-713AEC2A06EA}.Debug|x64.Build.0 = Debug|x64
		{33AEEAA4-1780-4EBC-9E00-713AEC2A06EA}.Debug|x86.ActiveCfg = Debug|Win32
		{33AEEAA4-1780-4EBC-9E00-713AEC2A06EA}.Debug|x86.Build.0 = Debug|Win32
		{33AEEAA4-1780-4EBC-9E00-713AEC2A06EA}.Release|x64.ActiveCfg = Release|x64
		{33AEEAA4-1780-4EBC-9E00-713AEC2A06EA}.Release|x64.Build.0 = Release|x64
		{33AEEAA4-1780-4EBC-9E00-713AEC2A06EA}.Release|x86.ActiveCfg = Release|Win32
		{33AEEAA4-1780-4EBC-9E00-713AEC2A06EA}.Release|x86.Build.0 = Release|Win32
		{73B9E472-63A4-46D8-A619-0B2A81EBDFF0}.Debug|x64.ActiveCfg = Debug|x64
		{73B9E472-63A4-46D8-A619-0B2A81EBDFF0}.Debug|x64.Build.0 = Debug|x64
		{73B9E472-63A4-46D8-A619-0B2A81EBDFF0}.Debug|x86.ActiveCfg = Debug|Win32
		{73B9E472-63A4-46D8-A619-0B2A81EBDFF0}.Debug|x86.Build.0 = Debug|Win32
		{73B9E472-63A4-46D8-A619-0B2A81EBDFF0}.Release|x64.ActiveCfg = Release|x64
		{73B9E472-63A4-46D8-A619-0B2A81EBDFF0}.Release|x64.Build.0 = Release|x64
		{73B9E472-63A4-46D8-A619-0B2A81EBDFF0}.Release|x86.ActiveCfg = Release|Win32
		{73B9E472-63A4-46D8-A619-0B2A81EBDFF0}.Release|x86.Build.0 = Release|Win32
		{E4F886AC-F6A7-4EDF-9866-FC7E1AF21F0B}.Debug|x64.ActiveCfg = Debug|x64
		{E4F886AC-F6A7-4EDF-9866-FC7E1AF21F0B}.Debug|x64.Build.0 = Debug|x64
		{E4F886AC-F6A7-4EDF-9866-FC7E1AF21F0B}.Debug|x86.ActiveCfg = Debug|Win32
		{E4F886AC-F6A7-4EDF-9866-FC7E1AF21F0B}.Debug|x86.Build.0 = Debug|Win32
		{E4F886AC-F6A7-4EDF-9866-FC7E1AF21F0B}.Release|x64.ActiveCfg = Release|x64
		{E4F886AC-F6A7-4EDF-9866-FC7E1AF21F0B}.Release|x64.Build.0 = Release|x64
		{E4F886AC-F6A7-4EDF-9866-FC7E1AF21F0B}.Release|x86.ActiveCfg = Release|Win32
		{E4F886AC-F6A7-4EDF-9866-FC7E1AF21F0B}.Release|x86.Build.0 = Release|Win32
		{592B48AD-73E6-4968-B075-75FF1C007EA0}.Debug|x64.ActiveCfg = Debug|x64
		{592B48AD-73E6-4968-B075-75FF1C007EA0}.Debug|x64.Build.0 = Debug|x64
		{592B48AD-73E6-4968-B075-75FF1C007EA0}.Debug|x86.ActiveCfg = Debug|Win32
		{592B48AD-73E6-4968-B075-75FF1C007EA0}.Debug|x86.Build.0 = Debug|Win32
		{592B48AD-73E6-4968-B075-75FF1C007EA0}.Release|x64.ActiveCfg = Release|x64
		{592B48AD-73E6-4968-B075-75FF1C007EA0}.Release|x64.Build.0 = Release|x64
		{592B48AD-73E6-4968-B075-75FF1C007EA0}.Release|x86.ActiveCfg = Release|Win32
		{592B48AD-73E6-4968-B075-75FF1C007EA0}.Release|x86.Build.0 = Release|Win32
		{15E430D8-9CA2-4529-B51D-2DF9B78CD281}.Debug|x64.ActiveCfg = Debug|x64
		{15E430D8-9CA2-4529-B51D-2DF9B78CD281}.Debug|x64.Build.0 = Debug|x64
		{15E430D8-9CA2-4529-B51D-2DF9B78CD281}.Debug|x86.ActiveCfg = Debug|Win32
		{15E430D8-9CA2-4529-B51D-2DF9B78CD281}.Debug|x86.Build.0 = Debug|Win32
		{15E430D8-9CA2-4529-B51D-2DF9B78CD281}.Release|x64.ActiveCfg = Release|x64
		{15E430D8-9CA2-4529-B51D-2DF9B78CD281}.Release|x64.Build.0 = Release|x64
		{15E430D8-9CA2-4529-B51D-2DF9B78CD281}.Release|x86.ActiveCfg = Release|Win32
		{15E430D8-9CA2-4529-B51D-2DF9B78CD281}.Release|x86.Build.0 = Release|Win32
		{D0B9EB52-9EF7-4311-9BE5-E34F940736AB}.Debug|x64.ActiveCfg = Debug|x64
		{D0B9EB52-9EF7-4311-9BE5-E34F940736AB}.Debug|x64.Build.0 = Debug|x64
		{D0B9EB52-9EF7-4311-9BE5-E34F940736AB}.Debug|x86.ActiveCfg = Debug|Win32
		{D0B9EB52-9EF7-4311-9BE5-E34F940736AB}.Debug|x86.Build.0 = Debug|Win32
		{D0B9EB52-9EF7-4311-9BE5-E34F940736AB}.Release|x64.ActiveCfg = Release|x64
		{D0B9EB52-9EF7-4311-9BE5-E34F940736AB}.Release|x64.Build.0 = Release|x64
		{D0B9EB52-9EF7-4311-9BE5-E34F940736AB}.Release|x86.ActiveCfg = Release|Win32
		{D0B9EB52-9EF7-4311-9BE5-E34F940736AB}.Release|x86.Build.0 = Release|Win32
		{CDBAF1DF-0061-4BEA-BE49-1EFC2A2FDDB6}.Debug|x64.ActiveCfg = Debug|x64
		{CDBAF1DF-0061-4BEA-BE49-1EFC2A2FDDB6}.Debug|x64.Build.0 = Debug|x64
		{CDBAF1DF-0061-4BEA-BE49-1EFC2A2FDDB6}.Debug|x86.ActiveCfg = Debug|Win32
		{CDBAF1DF-0061-4BEA-BE49-1EFC2A2FDDB6}.Debug|x86.Build.0 = Debug|Win32
		{CDBAF1DF-0061-4BEA-BE49-1EFC2A2FDDB6}.Release|x64.ActiveCfg = Release|x64
		{CDBAF1DF-0061-4BEA-BE49-1EFC2A2FDDB6}.Release|x64.Build.0 = Release|x64
		{CDBAF1DF-0061-4BEA-BE49-1EFC2A2FDDB6}.Release|x86.ActiveCfg = Release|Win32
		{CDBAF1DF-0061-4BEA-BE49-1EFC2A2FDDB6}.Release|x86.Build.0 = Release|Win32
		{00F334E6-6C88-4318-B319-92F539832DCB}.Debug|x64.ActiveCfg = Debug|x64
		{00F334E6-6C88-4318-B319-92F539832DCB}.Debug|x64.Build.0 = Debug|x64
		{00F334E6-6C88-4318-B319-92F539832DCB}.Debug|x86.ActiveCfg = Debug|Win32
		{00F334E6-6C88-4318-B319-92F539832DCB}.Debug|x86.Build.0 = Debug|Win32
		{00F334E6-6C88-4318-B319-92F539832DCB}.Release|x64.ActiveCfg = Release|x64
		{00F334E6-6C88-4318-B319-92F539832DCB}.Release|x64.Build.0 = Release|x64
		{00F334E6-6C88-4318-B319-92F539832DCB}.Release|x86.ActiveCfg = Release|Win32
		{00F334E6-6C88-4318-B319-92F539832DCB}.Release|x86.Build.0 = Release|Win32
		{85B68E04-C431-45CC-8E38-614BB25A6BDC}.Debug|x64.ActiveCfg = Debug|x64
		{85B68E04-C431-45CC-8E38-614BB25A6BDC}.Debug|x64.Build.0 = Debug|x64
		{85B68E04-C431-45CC-8E38-614BB25A6BDC}.Debug|x86.ActiveCfg = Debug|Win32
		{85B68E04-C431-45CC-8E38-614BB25A6BDC}.Debug|x86.Build.0 = Debug|Win32
		{85B68E04-C431-45CC-8E38-614BB25A6BDC}.Release|x64.ActiveCfg = Release|x64
		{85B68E04-C431-45CC-8E38-614BB25A6BDC}.Release|x64.Build.0 = Release|x64
		{85B68E04-C431-45CC-8E38-614BB25A6BDC}.Release|x86.ActiveCfg = Release|Win32
		{85B68E04-C431-45CC-8E38-614BB25A6BDC}.Release|x86.Build.0 = Release|Win32
		{06B2EEFB-D51F-4DD4-878E-4D6940AB7A33}.Debug|x64.ActiveCfg = Debug|x64
		{06B2EEFB-D51F-4DD4-878E-4D6940AB7A33}.Debug|x64.Build.0 = Debug|x64
		{06B2EEFB-D51F-4DD4-878E-4D6940AB7A33}.Debug|x86.ActiveCfg = Debug|Win32
		{06B2EEFB-D51F-4DD4-878E-4D6940AB7A33}.Debug|x86.Build.0 = Debug|Win32
		{06B2EEFB-D51F-4DD4-878E-4D6940AB7A33}.Release|x64.ActiveCfg = Release|x64
		{06B2EEFB-D51F-4DD4-878E-4D6940AB7A33}.Release|x64.Build.0 = Release|x64
		{06B2EEFB-D51F-4DD4-878E-4D6940AB7A33}.Release|x86.ActiveCfg = Release|Win32
		{06B2EEFB-D51F-4DD4-878E-4D6940AB7A33}.Release|x86.Build.0 = Release|Win32
		{D5F9FD5D-B16B-45E5-83BE-309F52138AEF}.Debug|x64.ActiveCfg = Debug|x64
		{D5F9FD5D-B16B-45E5-83BE-309F52138AEF}.Debug|x64.Build.0 = Debug|x64
		{D5F9FD5D-B16B-45E5-83BE-309F52138AEF}.Debug|x86.ActiveCfg = Debug|Win32
		{D5F9FD5D-B16B-45E5-83BE-309F52138AEF}.Debug|x86.Build.0 = Debug|Win32
		{D5F9FD5D-B16B-45E5-83BE-309F52138AEF}.Release|x64.ActiveCfg = Release|x64
		{D5F9FD5D-B16B-45E5-83BE-309F52138AEF}.Release|x64.Build.0 = Release|x64
		{D5F9FD5D-B16B-45E5-83BE-309F52138AEF}.Release|x86.ActiveCfg = Release|Win32
		{D5F9FD5D-B16B-45E5-83BE-309F52138AEF}.Release|x86.Build.0 = Release|Win32
		{17F1A233-055D-423E-813F-0DA57EC9F055}.Debug|x64.ActiveCfg = Debug|x64
		{17F1A233-055D-423E-813F-0DA57EC9F055}.Debug|x64.Build.0 = Debug|x64
		{17F1A233-055D-423E-813F-0DA57EC9F055}.Debug|x86.ActiveCfg = Debug|Win32
		{17F1A233-055D-423E-813F-0DA57EC9F055}.Debug|x86.Build.0 = Debug|Win32
		{17F1A233-055D-423E-813F-0DA57EC9F055}.Release|x64.ActiveCfg = Release|x64
		{17F1A233-055D-423E-813F-0DA57EC9F055}.Release|x64.Build.0 = Release|x64
		{17F1A233-055D-423E-813F-0DA57EC9F055}.Release|x86.ActiveCfg = Release|Win32
		{17F1A233-055D-423E-813F-0DA57EC9F055}.Release|x86.Build.0 = Release|Win32
		{9DC9B747-EF5F-4C37-9A05-6BF8214EB05C}.Debug|x64.ActiveCfg = Debug|x64
		{9DC9B747-EF5F-4C37-9A05-6BF8214EB05C}.Debug|x64.Build.0 = Debug|x64
		{9DC9B747-EF5F-4C37-9A05-6BF8214EB05C}.Debug|x86.ActiveCfg = Debug|Win32
		{9DC9B747-EF5F-4C37-9A05-6BF8214EB05C}.Debug|x86.Build.0 = Debug|Win32
		{9DC9B747-EF5F-4C37-9A05-6BF8214EB05C}.Release|x64.ActiveCfg = Release|x64
		{9DC9B747-EF5F-4C37-9A05-6BF8214EB05C}.Release|x64.Build.0 = Release|x64
		{9DC9B747-EF5F-4C37-9A05-6BF8214EB05C}.Release|x86.ActiveCfg = Release|Win32
		{9DC9B747-EF5F-4C37-9A05-6BF8214EB05C}.Release|x86.Build.0 = Release|Win32
	EndGlobalSection
	GlobalSection(SolutionProperties) = preSolution
		HideSolutionNode = FALSE
	EndGlobalSection
	GlobalSection(ExtensibilityGlobals) = postSolution
		SolutionGuid = {E823B56C-3E8D-406D-906A-46ECA64E4153}
	EndGlobalSection
EndGlobal
